// !$*UTF8*$!
{
archiveVersion = 1;
classes = {};
objectVersion = 56;
objects = {
5554C6A73DF0013F7FBD04B2 = { isa = PBXFileReference; lastKnownFileType = sourcecode.swift; path = "Fasting/App/FastingApp.swift"; sourceTree = "<group>"; };
DB15A8699713E8590A032454 = { isa = PBXFileReference; lastKnownFileType = sourcecode.swift; path = "Fasting/Models/DurationText.swift"; sourceTree = "<group>"; };
6414BAF3450B54248060473B = { isa = PBXFileReference; lastKnownFileType = sourcecode.swift; path = "Fasting/Models/FastingGoal.swift"; sourceTree = "<group>"; };
D1BAA092F6103BED03AE5297 = { isa = PBXFileReference; lastKnownFileType = sourcecode.swift; path = "Fasting/Models/FastingMilestone.swift"; sourceTree = "<group>"; };
ECA9EBD3B49B010449BF3238 = { isa = PBXFileReference; lastKnownFileType = sourcecode.swift; path = "Fasting/Models/FastingSession.swift"; sourceTree = "<group>"; };
A59B2887A2CBEBAB226D2D99 = { isa = PBXFileReference; lastKnownFileType = sourcecode.swift; path = "Fasting/Storage/FastingStore.swift"; sourceTree = "<group>"; };
594A9F6348C503D6112BCD8B = { isa = PBXFileReference; lastKnownFileType = sourcecode.swift; path = "Fasting/Storage/Persistence.swift"; sourceTree = "<group>"; };
DA44330A8CB56C9C6F1AF4EB = { isa = PBXFileReference; lastKnownFileType = sourcecode.swift; path = "Fasting/Views/GoalDurationPicker.swift"; sourceTree = "<group>"; };
07F81510719F3530C17B8E57 = { isa = PBXFileReference; lastKnownFileType = sourcecode.swift; path = "Fasting/Views/HistoryView.swift"; sourceTree = "<group>"; };
5EA2ACB1C3F70E34C1567396 = { isa = PBXFileReference; lastKnownFileType = sourcecode.swift; path = "Fasting/Views/MilestoneBadgesView.swift"; sourceTree = "<group>"; };
A00EFB836D6DB211B367D958 = { isa = PBXFileReference; lastKnownFileType = sourcecode.swift; path = "Fasting/Views/RootView.swift"; sourceTree = "<group>"; };
07D8C96CEE4A9BCE7F8FFA78 = { isa = PBXFileReference; lastKnownFileType = sourcecode.swift; path = "Fasting/Views/SessionEditor.swift"; sourceTree = "<group>"; };
8A3711C28AEB2EF8CB0DF082 = { isa = PBXFileReference; lastKnownFileType = sourcecode.swift; path = "Fasting/Views/SettingsView.swift"; sourceTree = "<group>"; };
13DE00D0986FEB12100FADDD = { isa = PBXFileReference; lastKnownFileType = sourcecode.swift; path = "Fasting/Views/StartFastSheet.swift"; sourceTree = "<group>"; };
43E4322A01E247A4E41CEA53 = { isa = PBXFileReference; lastKnownFileType = sourcecode.swift; path = "Fasting/Views/Theme.swift"; sourceTree = "<group>"; };
E752B554D50C6E53B72967C6 = { isa = PBXFileReference; lastKnownFileType = sourcecode.swift; path = "Fasting/Views/TimerRing.swift"; sourceTree = "<group>"; };
CB42617EF4D7EC6684B3621C = { isa = PBXFileReference; lastKnownFileType = sourcecode.swift; path = "Fasting/Views/TimerView.swift"; sourceTree = "<group>"; };
C61FC0DA1EC0550846F5D5FF = { isa = PBXFileReference; lastKnownFileType = sourcecode.swift; path = "Tests/FastingStoreTests.swift"; sourceTree = "<group>"; };
1406BC3AF0219B8B9854E52D = { isa = PBXFileReference; lastKnownFileType = sourcecode.swift; path = "UITests/FastingDemoCapture.swift"; sourceTree = "<group>"; };
9CDEAAED76AC9ECC254E113F = { isa = PBXFileReference; lastKnownFileType = sourcecode.swift; path = "UITests/FastingUITests.swift"; sourceTree = "<group>"; };
AF8557F3C1CC995B15236598 = { isa = PBXFileReference; lastKnownFileType = folder.assetcatalog; path = "Fasting/Resources/Assets.xcassets"; sourceTree = "<group>"; };
41F20808A30B66DCA4230523 = { isa = PBXFileReference; lastKnownFileType = text.json.xcstrings; path = "Fasting/Resources/Localizable.xcstrings"; sourceTree = "<group>"; };
EF418A3661B3B0D3A6621802 = { isa = PBXFileReference; lastKnownFileType = text.xml; path = "Fasting/Resources/PrivacyInfo.xcprivacy"; sourceTree = "<group>"; };
4D7206841230F88AF0921825 = { isa = PBXFileReference; lastKnownFileType = text.plist.xml; path = "Fasting/Info.plist"; sourceTree = "<group>"; };
38B5D7B5528D2C79B87FF4CC = { isa = PBXFileReference; lastKnownFileType = text.plist.entitlements; path = "Fasting/Fasting.entitlements"; sourceTree = "<group>"; };
F79245AAE5130E837B12843A = { isa = PBXFileReference; explicitFileType = wrapper.application; includeInIndex = 0; path = Fasting.app; sourceTree = BUILT_PRODUCTS_DIR; };
0CEE197203969AC457D6BDB2 = { isa = PBXBuildFile; fileRef = 5554C6A73DF0013F7FBD04B2; };
CD14A06F3A27C3B8E34ADB49 = { isa = PBXBuildFile; fileRef = DB15A8699713E8590A032454; };
88F10B26E4BF34C738187E31 = { isa = PBXBuildFile; fileRef = 6414BAF3450B54248060473B; };
C0A9EE1FDA0E459DD129A0A4 = { isa = PBXBuildFile; fileRef = D1BAA092F6103BED03AE5297; };
5362CB0F03FC60298E0B9250 = { isa = PBXBuildFile; fileRef = ECA9EBD3B49B010449BF3238; };
2D63A8A3FC97534BA936D189 = { isa = PBXBuildFile; fileRef = A59B2887A2CBEBAB226D2D99; };
C00AEEBBAE5C4C3B9DED3F61 = { isa = PBXBuildFile; fileRef = 594A9F6348C503D6112BCD8B; };
93E5FF1C5F23EE97792138B2 = { isa = PBXBuildFile; fileRef = DA44330A8CB56C9C6F1AF4EB; };
2EA77E51763D1283D4E17CB4 = { isa = PBXBuildFile; fileRef = 07F81510719F3530C17B8E57; };
B18C4FD1E67256A0025F53F8 = { isa = PBXBuildFile; fileRef = 5EA2ACB1C3F70E34C1567396; };
457FB8EE4BD4CC80E2CA746F = { isa = PBXBuildFile; fileRef = A00EFB836D6DB211B367D958; };
F5536FA0CAA136A3B2EFC4BD = { isa = PBXBuildFile; fileRef = 07D8C96CEE4A9BCE7F8FFA78; };
E0682E56D132EBFE079D3666 = { isa = PBXBuildFile; fileRef = 8A3711C28AEB2EF8CB0DF082; };
F01A3F5F69A64B5397B94A69 = { isa = PBXBuildFile; fileRef = 13DE00D0986FEB12100FADDD; };
40F2A22E2AC1914C4AB22972 = { isa = PBXBuildFile; fileRef = 43E4322A01E247A4E41CEA53; };
D5FBC2017AB963706A59A7AC = { isa = PBXBuildFile; fileRef = E752B554D50C6E53B72967C6; };
952956507EE46CC4F6306996 = { isa = PBXBuildFile; fileRef = CB42617EF4D7EC6684B3621C; };
E7B4838B1214430ED4F5AC52 = { isa = PBXSourcesBuildPhase; buildActionMask = 2147483647; files = (0CEE197203969AC457D6BDB2, CD14A06F3A27C3B8E34ADB49, 88F10B26E4BF34C738187E31, C0A9EE1FDA0E459DD129A0A4, 5362CB0F03FC60298E0B9250, 2D63A8A3FC97534BA936D189, C00AEEBBAE5C4C3B9DED3F61, 93E5FF1C5F23EE97792138B2, 2EA77E51763D1283D4E17CB4, B18C4FD1E67256A0025F53F8, 457FB8EE4BD4CC80E2CA746F, F5536FA0CAA136A3B2EFC4BD, E0682E56D132EBFE079D3666, F01A3F5F69A64B5397B94A69, 40F2A22E2AC1914C4AB22972, D5FBC2017AB963706A59A7AC, 952956507EE46CC4F6306996,); runOnlyForDeploymentPostprocessing = 0; };
CA588A6B84E8EB980DF2A6FD = { isa = PBXBuildFile; fileRef = AF8557F3C1CC995B15236598; };
6ACA2658DBFFF381E81432D2 = { isa = PBXBuildFile; fileRef = 41F20808A30B66DCA4230523; };
14C14A0B429196E9B43FE970 = { isa = PBXBuildFile; fileRef = EF418A3661B3B0D3A6621802; };
2AAC67520B8B87511DC99798 = { isa = PBXResourcesBuildPhase; buildActionMask = 2147483647; files = (CA588A6B84E8EB980DF2A6FD, 6ACA2658DBFFF381E81432D2, 14C14A0B429196E9B43FE970,); runOnlyForDeploymentPostprocessing = 0; };
345AE57BF8449C0366076E68 = { isa = PBXFrameworksBuildPhase; buildActionMask = 2147483647; files = (); runOnlyForDeploymentPostprocessing = 0; };
2E5AA0D3E3AB1568F6BC62D5 = { isa = XCBuildConfiguration; buildSettings = { IPHONEOS_DEPLOYMENT_TARGET = "17.0"; SDKROOT = "iphoneos"; SWIFT_VERSION = "5.0"; TARGETED_DEVICE_FAMILY = "1,2"; CLANG_ENABLE_MODULES = "YES"; CODE_SIGN_STYLE = "Automatic"; SWIFT_STRICT_CONCURRENCY = "complete"; PRODUCT_NAME = "Fasting"; PRODUCT_BUNDLE_IDENTIFIER = "com.rento.fasting"; SWIFT_OPTIMIZATION_LEVEL = "-Onone"; SWIFT_ACTIVE_COMPILATION_CONDITIONS = "DEBUG"; DEBUG_INFORMATION_FORMAT = "dwarf"; ENABLE_TESTABILITY = "YES"; GENERATE_INFOPLIST_FILE = "NO"; ONLY_ACTIVE_ARCH = "YES"; INFOPLIST_FILE = "Fasting/Info.plist"; CODE_SIGN_ENTITLEMENTS = "Fasting/Fasting.entitlements"; DEVELOPMENT_TEAM = "6GDZU4K9BF"; ASSETCATALOG_COMPILER_APPICON_NAME = "AppIcon"; ASSETCATALOG_COMPILER_GLOBAL_ACCENT_COLOR_NAME = "AccentColor"; ICLOUD_ENVIRONMENT = "Development"; APS_ENVIRONMENT = "development"; SWIFT_EMIT_LOC_STRINGS = "YES"; }; name = Debug; };
237FD8ADFE0DEC93C156CC7A = { isa = XCBuildConfiguration; buildSettings = { IPHONEOS_DEPLOYMENT_TARGET = "17.0"; SDKROOT = "iphoneos"; SWIFT_VERSION = "5.0"; TARGETED_DEVICE_FAMILY = "1,2"; CLANG_ENABLE_MODULES = "YES"; CODE_SIGN_STYLE = "Automatic"; SWIFT_STRICT_CONCURRENCY = "complete"; PRODUCT_NAME = "Fasting"; PRODUCT_BUNDLE_IDENTIFIER = "com.rento.fasting"; SWIFT_OPTIMIZATION_LEVEL = "-O"; SWIFT_ACTIVE_COMPILATION_CONDITIONS = ""; DEBUG_INFORMATION_FORMAT = "dwarf-with-dsym"; ENABLE_TESTABILITY = "NO"; GENERATE_INFOPLIST_FILE = "NO"; ONLY_ACTIVE_ARCH = "NO"; INFOPLIST_FILE = "Fasting/Info.plist"; CODE_SIGN_ENTITLEMENTS = "Fasting/Fasting.entitlements"; DEVELOPMENT_TEAM = "6GDZU4K9BF"; ASSETCATALOG_COMPILER_APPICON_NAME = "AppIcon"; ASSETCATALOG_COMPILER_GLOBAL_ACCENT_COLOR_NAME = "AccentColor"; ICLOUD_ENVIRONMENT = "Production"; APS_ENVIRONMENT = "production"; SWIFT_EMIT_LOC_STRINGS = "YES"; }; name = Release; };
62494279CE418444528AB017 = { isa = XCConfigurationList; buildConfigurations = (2E5AA0D3E3AB1568F6BC62D5, 237FD8ADFE0DEC93C156CC7A,); defaultConfigurationIsVisible = 0; defaultConfigurationName = Release; };
51A74DFE90B0B8BE4100F06B = { isa = PBXNativeTarget; buildConfigurationList = 62494279CE418444528AB017; buildPhases = (E7B4838B1214430ED4F5AC52, 345AE57BF8449C0366076E68, 2AAC67520B8B87511DC99798,); buildRules = (); dependencies = (); name = Fasting; productName = Fasting; productReference = F79245AAE5130E837B12843A; productType = "com.apple.product-type.application"; };
9A886F8426E2193D3461D02D = { isa = PBXFileReference; explicitFileType = wrapper.cfbundle; includeInIndex = 0; path = FastingStoreTests.xctest; sourceTree = BUILT_PRODUCTS_DIR; };
0D000664B0F652447E694BD3 = { isa = PBXBuildFile; fileRef = C61FC0DA1EC0550846F5D5FF; };
BF0B0F43BA17CA3AA97A56CD = { isa = PBXBuildFile; fileRef = DB15A8699713E8590A032454; };
1E28D2FAC99FBDA129FD622A = { isa = PBXBuildFile; fileRef = 6414BAF3450B54248060473B; };
095240C7D5B41B9A1BC80752 = { isa = PBXBuildFile; fileRef = D1BAA092F6103BED03AE5297; };
5D3021211CFA75E80FC4B31A = { isa = PBXBuildFile; fileRef = ECA9EBD3B49B010449BF3238; };
93F0B4781626E7143FCD526E = { isa = PBXBuildFile; fileRef = A59B2887A2CBEBAB226D2D99; };
070F00F5C06477D782A7CA15 = { isa = PBXSourcesBuildPhase; buildActionMask = 2147483647; files = (0D000664B0F652447E694BD3, BF0B0F43BA17CA3AA97A56CD, 1E28D2FAC99FBDA129FD622A, 095240C7D5B41B9A1BC80752, 5D3021211CFA75E80FC4B31A, 93F0B4781626E7143FCD526E,); runOnlyForDeploymentPostprocessing = 0; };
65415C773A86F2555693BADB = { isa = PBXResourcesBuildPhase; buildActionMask = 2147483647; files = (); runOnlyForDeploymentPostprocessing = 0; };
11F8361465EDD5036CCA64B0 = { isa = PBXFrameworksBuildPhase; buildActionMask = 2147483647; files = (); runOnlyForDeploymentPostprocessing = 0; };
1CAD96C8B85A8643EC8FF11C = { isa = XCBuildConfiguration; buildSettings = { IPHONEOS_DEPLOYMENT_TARGET = "17.0"; SDKROOT = "iphoneos"; SWIFT_VERSION = "5.0"; TARGETED_DEVICE_FAMILY = "1,2"; CLANG_ENABLE_MODULES = "YES"; CODE_SIGN_STYLE = "Automatic"; SWIFT_STRICT_CONCURRENCY = "complete"; PRODUCT_NAME = "FastingStoreTests"; PRODUCT_BUNDLE_IDENTIFIER = "com.rento.fasting.FastingStoreTests"; SWIFT_OPTIMIZATION_LEVEL = "-Onone"; SWIFT_ACTIVE_COMPILATION_CONDITIONS = "DEBUG"; DEBUG_INFORMATION_FORMAT = "dwarf"; ENABLE_TESTABILITY = "YES"; GENERATE_INFOPLIST_FILE = "YES"; ONLY_ACTIVE_ARCH = "YES"; CODE_SIGN_IDENTITY = "-"; SKIP_INSTALL = "YES"; }; name = Debug; };
CC6037AB3760CE73533056C4 = { isa = XCBuildConfiguration; buildSettings = { IPHONEOS_DEPLOYMENT_TARGET = "17.0"; SDKROOT = "iphoneos"; SWIFT_VERSION = "5.0"; TARGETED_DEVICE_FAMILY = "1,2"; CLANG_ENABLE_MODULES = "YES"; CODE_SIGN_STYLE = "Automatic"; SWIFT_STRICT_CONCURRENCY = "complete"; PRODUCT_NAME = "FastingStoreTests"; PRODUCT_BUNDLE_IDENTIFIER = "com.rento.fasting.FastingStoreTests"; SWIFT_OPTIMIZATION_LEVEL = "-O"; SWIFT_ACTIVE_COMPILATION_CONDITIONS = ""; DEBUG_INFORMATION_FORMAT = "dwarf-with-dsym"; ENABLE_TESTABILITY = "NO"; GENERATE_INFOPLIST_FILE = "YES"; ONLY_ACTIVE_ARCH = "NO"; CODE_SIGN_IDENTITY = "-"; SKIP_INSTALL = "YES"; }; name = Release; };
C6FAD783155753089470A742 = { isa = XCConfigurationList; buildConfigurations = (1CAD96C8B85A8643EC8FF11C, CC6037AB3760CE73533056C4,); defaultConfigurationIsVisible = 0; defaultConfigurationName = Release; };
CE65E15B882D26BA669A61CB = { isa = PBXNativeTarget; buildConfigurationList = C6FAD783155753089470A742; buildPhases = (070F00F5C06477D782A7CA15, 11F8361465EDD5036CCA64B0, 65415C773A86F2555693BADB,); buildRules = (); dependencies = (); name = FastingStoreTests; productName = FastingStoreTests; productReference = 9A886F8426E2193D3461D02D; productType = "com.apple.product-type.bundle.unit-test"; };
A9489F50608833079D326E09 = { isa = PBXFileReference; explicitFileType = wrapper.cfbundle; includeInIndex = 0; path = FastingUITests.xctest; sourceTree = BUILT_PRODUCTS_DIR; };
BE66FB797793D9FE2FA7A69E = { isa = PBXBuildFile; fileRef = 1406BC3AF0219B8B9854E52D; };
EABEC20B0161FD2A8664D7C8 = { isa = PBXBuildFile; fileRef = 9CDEAAED76AC9ECC254E113F; };
593FA00FCC794FB59D2408CE = { isa = PBXSourcesBuildPhase; buildActionMask = 2147483647; files = (BE66FB797793D9FE2FA7A69E, EABEC20B0161FD2A8664D7C8,); runOnlyForDeploymentPostprocessing = 0; };
E662A50CF0E3C1D6BF2879EB = { isa = PBXResourcesBuildPhase; buildActionMask = 2147483647; files = (); runOnlyForDeploymentPostprocessing = 0; };
7AD08B7308F0170C8ED2F4AB = { isa = PBXFrameworksBuildPhase; buildActionMask = 2147483647; files = (); runOnlyForDeploymentPostprocessing = 0; };
A8D356227AF521EB62817CC1 = { isa = XCBuildConfiguration; buildSettings = { IPHONEOS_DEPLOYMENT_TARGET = "17.0"; SDKROOT = "iphoneos"; SWIFT_VERSION = "5.0"; TARGETED_DEVICE_FAMILY = "1,2"; CLANG_ENABLE_MODULES = "YES"; CODE_SIGN_STYLE = "Automatic"; SWIFT_STRICT_CONCURRENCY = "complete"; PRODUCT_NAME = "FastingUITests"; PRODUCT_BUNDLE_IDENTIFIER = "com.rento.fasting.FastingUITests"; SWIFT_OPTIMIZATION_LEVEL = "-Onone"; SWIFT_ACTIVE_COMPILATION_CONDITIONS = "DEBUG"; DEBUG_INFORMATION_FORMAT = "dwarf"; ENABLE_TESTABILITY = "YES"; GENERATE_INFOPLIST_FILE = "YES"; ONLY_ACTIVE_ARCH = "YES"; CODE_SIGN_IDENTITY = "-"; SKIP_INSTALL = "YES"; TEST_TARGET_NAME = "Fasting"; }; name = Debug; };
E835F3015264ED5C4848C739 = { isa = XCBuildConfiguration; buildSettings = { IPHONEOS_DEPLOYMENT_TARGET = "17.0"; SDKROOT = "iphoneos"; SWIFT_VERSION = "5.0"; TARGETED_DEVICE_FAMILY = "1,2"; CLANG_ENABLE_MODULES = "YES"; CODE_SIGN_STYLE = "Automatic"; SWIFT_STRICT_CONCURRENCY = "complete"; PRODUCT_NAME = "FastingUITests"; PRODUCT_BUNDLE_IDENTIFIER = "com.rento.fasting.FastingUITests"; SWIFT_OPTIMIZATION_LEVEL = "-O"; SWIFT_ACTIVE_COMPILATION_CONDITIONS = ""; DEBUG_INFORMATION_FORMAT = "dwarf-with-dsym"; ENABLE_TESTABILITY = "NO"; GENERATE_INFOPLIST_FILE = "YES"; ONLY_ACTIVE_ARCH = "NO"; CODE_SIGN_IDENTITY = "-"; SKIP_INSTALL = "YES"; TEST_TARGET_NAME = "Fasting"; }; name = Release; };
D5A9565E44B351FBA3D3A814 = { isa = XCConfigurationList; buildConfigurations = (A8D356227AF521EB62817CC1, E835F3015264ED5C4848C739,); defaultConfigurationIsVisible = 0; defaultConfigurationName = Release; };
03BEEC1720194BD985257006 = { isa = PBXContainerItemProxy; containerPortal = 244210E48437B6556980A702; proxyType = 1; remoteGlobalIDString = 51A74DFE90B0B8BE4100F06B; remoteInfo = Fasting; };
6609043F593FAF1E00E12066 = { isa = PBXTargetDependency; target = 51A74DFE90B0B8BE4100F06B; targetProxy = 03BEEC1720194BD985257006; };
B24EAA19E4ED140BED954980 = { isa = PBXNativeTarget; buildConfigurationList = D5A9565E44B351FBA3D3A814; buildPhases = (593FA00FCC794FB59D2408CE, 7AD08B7308F0170C8ED2F4AB, E662A50CF0E3C1D6BF2879EB,); buildRules = (); dependencies = (6609043F593FAF1E00E12066,); name = FastingUITests; productName = FastingUITests; productReference = A9489F50608833079D326E09; productType = "com.apple.product-type.bundle.ui-testing"; };
0A3E27B8CA818264D75C8D81 = { isa = PBXGroup; children = (F79245AAE5130E837B12843A, 9A886F8426E2193D3461D02D, A9489F50608833079D326E09,); name = Products; sourceTree = "<group>"; };
4813494D137E1631BBA301D5 = { isa = PBXGroup; children = (5554C6A73DF0013F7FBD04B2, DB15A8699713E8590A032454, 6414BAF3450B54248060473B, D1BAA092F6103BED03AE5297, ECA9EBD3B49B010449BF3238, A59B2887A2CBEBAB226D2D99, 594A9F6348C503D6112BCD8B, DA44330A8CB56C9C6F1AF4EB, 07F81510719F3530C17B8E57, 5EA2ACB1C3F70E34C1567396, A00EFB836D6DB211B367D958, 07D8C96CEE4A9BCE7F8FFA78, 8A3711C28AEB2EF8CB0DF082, 13DE00D0986FEB12100FADDD, 43E4322A01E247A4E41CEA53, E752B554D50C6E53B72967C6, CB42617EF4D7EC6684B3621C, C61FC0DA1EC0550846F5D5FF, 1406BC3AF0219B8B9854E52D, 9CDEAAED76AC9ECC254E113F, AF8557F3C1CC995B15236598, 41F20808A30B66DCA4230523, EF418A3661B3B0D3A6621802, 4D7206841230F88AF0921825, 38B5D7B5528D2C79B87FF4CC, 0A3E27B8CA818264D75C8D81,); sourceTree = "<group>"; };
2B23A31EEC75B029432F2445 = { isa = XCBuildConfiguration; buildSettings = { ALWAYS_SEARCH_USER_PATHS = NO; CLANG_ENABLE_OBJC_ARC = YES; GCC_C_LANGUAGE_STANDARD = gnu17; }; name = Debug; };
07CA1E69F6068DEA30A4DA6B = { isa = XCBuildConfiguration; buildSettings = { ALWAYS_SEARCH_USER_PATHS = NO; CLANG_ENABLE_OBJC_ARC = YES; GCC_C_LANGUAGE_STANDARD = gnu17; }; name = Release; };
F905B102B4F13BD6617D8EB3 = { isa = XCConfigurationList; buildConfigurations = (2B23A31EEC75B029432F2445, 07CA1E69F6068DEA30A4DA6B,); defaultConfigurationIsVisible = 0; defaultConfigurationName = Release; };
244210E48437B6556980A702 = { isa = PBXProject; attributes = { LastUpgradeCheck = 2630; TargetAttributes = { 51A74DFE90B0B8BE4100F06B = { CreatedOnToolsVersion = 26.3; SystemCapabilities = { com.apple.iCloud = { enabled = 1; }; com.apple.Push = { enabled = 1; }; com.apple.BackgroundModes = { enabled = 1; }; }; }; }; }; buildConfigurationList = F905B102B4F13BD6617D8EB3; compatibilityVersion = "Xcode 14.0"; developmentRegion = en; hasScannedForEncodings = 0; knownRegions = (en, es, Base); mainGroup = 4813494D137E1631BBA301D5; productRefGroup = 0A3E27B8CA818264D75C8D81; projectDirPath = ""; projectRoot = ""; targets = (51A74DFE90B0B8BE4100F06B, CE65E15B882D26BA669A61CB, B24EAA19E4ED140BED954980,); };
};
rootObject = 244210E48437B6556980A702;
}
